// !$*UTF8*$!
{
	archiveVersion = 1;
	classes = {
	};
	objectVersion = 48;
	objects = {

/* Begin PBXBuildFile section */
		2AE898C8459FEA29BAD066C9 /* Pods_Cooper.framework in Frameworks */ = {isa = PBXBuildFile; fileRef = EEA8CD20D49DD6CE7DB23BE1 /* Pods_Cooper.framework */; };
		5BD7400FF866F8F68DFD832A /* Pods_CooperTests.framework in Frameworks */ = {isa = PBXBuildFile; fileRef = 9362F1CF8FE1570B0EFCC1ED /* Pods_CooperTests.framework */; };
		F90F142F1FA5C61100535668 /* PersonalCollectionViewCell.swift in Sources */ = {isa = PBXBuildFile; fileRef = F90F142E1FA5C61100535668 /* PersonalCollectionViewCell.swift */; };
		F90F144B1FA5D8D200535668 /* CategoryManagementController.swift in Sources */ = {isa = PBXBuildFile; fileRef = F90F144A1FA5D8D200535668 /* CategoryManagementController.swift */; };
		F90F144D1FA5D8E200535668 /* CategoryManagement.storyboard in Resources */ = {isa = PBXBuildFile; fileRef = F90F144C1FA5D8E200535668 /* CategoryManagement.storyboard */; };
		F90F14501FA5D96000535668 /* CurrencyManagementController.swift in Sources */ = {isa = PBXBuildFile; fileRef = F90F144F1FA5D96000535668 /* CurrencyManagementController.swift */; };
		F90F14521FA5D96C00535668 /* CurrencyManagement.storyboard in Resources */ = {isa = PBXBuildFile; fileRef = F90F14511FA5D96C00535668 /* CurrencyManagement.storyboard */; };
		F90F14551FA5D9F200535668 /* CustomStyleController.swift in Sources */ = {isa = PBXBuildFile; fileRef = F90F14541FA5D9F200535668 /* CustomStyleController.swift */; };
		F90F14571FA5D9FF00535668 /* CustomStyle.storyboard in Resources */ = {isa = PBXBuildFile; fileRef = F90F14561FA5D9FF00535668 /* CustomStyle.storyboard */; };
		F90F145A1FA5DA3700535668 /* LanguageController.swift in Sources */ = {isa = PBXBuildFile; fileRef = F90F14591FA5DA3700535668 /* LanguageController.swift */; };
		F90F145C1FA5DA4500535668 /* Language.storyboard in Resources */ = {isa = PBXBuildFile; fileRef = F90F145B1FA5DA4500535668 /* Language.storyboard */; };
		F90F145E1FA5E4A600535668 /* CurrencyManagementCell.swift in Sources */ = {isa = PBXBuildFile; fileRef = F90F145D1FA5E4A600535668 /* CurrencyManagementCell.swift */; };
		F90F14601FA5E72700535668 /* CurrencyManagementService.swift in Sources */ = {isa = PBXBuildFile; fileRef = F90F145F1FA5E72700535668 /* CurrencyManagementService.swift */; };
		F94D67081FACA2EC006FAD85 /* icons8-search.png in Resources */ = {isa = PBXBuildFile; fileRef = F94D67071FACA2EC006FAD85 /* icons8-search.png */; };
		F95B68521FA44DB6000715C6 /* InputDetail.swift in Sources */ = {isa = PBXBuildFile; fileRef = F95B68511FA44DB6000715C6 /* InputDetail.swift */; };
		F95B68541FA44EBE000715C6 /* CommonCurrency.swift in Sources */ = {isa = PBXBuildFile; fileRef = F95B68531FA44EBE000715C6 /* CommonCurrency.swift */; };
		F95B68561FA44F44000715C6 /* CommonCategory.swift in Sources */ = {isa = PBXBuildFile; fileRef = F95B68551FA44F44000715C6 /* CommonCategory.swift */; };
		F95B68581FA45D89000715C6 /* ReportService.swift in Sources */ = {isa = PBXBuildFile; fileRef = F95B68571FA45D89000715C6 /* ReportService.swift */; };
		F95B685A1FA46CD1000715C6 /* InputDataService.swift in Sources */ = {isa = PBXBuildFile; fileRef = F95B68591FA46CD1000715C6 /* InputDataService.swift */; };
		F95B685D1FA4A3E9000715C6 /* ViewService.swift in Sources */ = {isa = PBXBuildFile; fileRef = F95B685C1FA4A3E9000715C6 /* ViewService.swift */; };
		F96B517F1FED422700DA2AB2 /* BaseApi.swift in Sources */ = {isa = PBXBuildFile; fileRef = F96B517E1FED422700DA2AB2 /* BaseApi.swift */; };
		F98056B61FEF8D29003F89C6 /* LoginService.swift in Sources */ = {isa = PBXBuildFile; fileRef = F98056B51FEF8D29003F89C6 /* LoginService.swift */; };
		F98A583A1FADFA9800F0495A /* ThreeMonthsViewController.swift in Sources */ = {isa = PBXBuildFile; fileRef = F98A58391FADFA9800F0495A /* ThreeMonthsViewController.swift */; };
		F98F1F8E1F924FB80001CC12 /* AppDelegate.swift in Sources */ = {isa = PBXBuildFile; fileRef = F98F1F8D1F924FB80001CC12 /* AppDelegate.swift */; };
		F98F1F901F924FB80001CC12 /* DetailViewController.swift in Sources */ = {isa = PBXBuildFile; fileRef = F98F1F8F1F924FB80001CC12 /* DetailViewController.swift */; };
		F98F1F931F924FB80001CC12 /* Main.storyboard in Resources */ = {isa = PBXBuildFile; fileRef = F98F1F911F924FB80001CC12 /* Main.storyboard */; };
		F98F1FA31F924FB90001CC12 /* CooperTests.swift in Sources */ = {isa = PBXBuildFile; fileRef = F98F1FA21F924FB90001CC12 /* CooperTests.swift */; };
		F9B0E8B11F94DD2B00E08801 /* TabBarController.swift in Sources */ = {isa = PBXBuildFile; fileRef = F9B0E8B01F94DD2B00E08801 /* TabBarController.swift */; };
		F9B0E8B31F94DDBF00E08801 /* InputDataController.swift in Sources */ = {isa = PBXBuildFile; fileRef = F9B0E8B21F94DDBF00E08801 /* InputDataController.swift */; };
		F9C2CBD71FADE9B000000D7E /* MasterViewController.swift in Sources */ = {isa = PBXBuildFile; fileRef = F9C2CBD61FADE9B000000D7E /* MasterViewController.swift */; };
		F9C2CBD91FADEA8200000D7E /* TwoWeeksViewController.swift in Sources */ = {isa = PBXBuildFile; fileRef = F9C2CBD81FADEA8200000D7E /* TwoWeeksViewController.swift */; };
		F9E96D991F9F677900254096 /* Report.storyboard in Resources */ = {isa = PBXBuildFile; fileRef = F9E96D981F9F677900254096 /* Report.storyboard */; };
		F9E98DB11FEAA64900900C67 /* GuideImage2.png in Resources */ = {isa = PBXBuildFile; fileRef = F9E98DB01FEAA64900900C67 /* GuideImage2.png */; };
		F9E98DB31FEAA71B00900C67 /* GuideImage3.png in Resources */ = {isa = PBXBuildFile; fileRef = F9E98DB21FEAA71A00900C67 /* GuideImage3.png */; };
		F9E98DB51FEAA72100900C67 /* GuideImage1.png in Resources */ = {isa = PBXBuildFile; fileRef = F9E98DB41FEAA72100900C67 /* GuideImage1.png */; };
		F9E98DB81FEAA87500900C67 /* GuideViewController.swift in Sources */ = {isa = PBXBuildFile; fileRef = F9E98DB71FEAA80100900C67 /* GuideViewController.swift */; };
		F9F974A81F9B445600B51D23 /* CoreLocation.framework in Frameworks */ = {isa = PBXBuildFile; fileRef = F9F974A11F9B443400B51D23 /* CoreLocation.framework */; };
		F9F974AA1F9B983100B51D23 /* DetailTableViewCell.swift in Sources */ = {isa = PBXBuildFile; fileRef = F9F974A91F9B983100B51D23 /* DetailTableViewCell.swift */; };
		F9FB6A451F979BAA00844BA2 /* Assets.xcassets in Resources */ = {isa = PBXBuildFile; fileRef = F9FB6A441F979BAA00844BA2 /* Assets.xcassets */; };
		F9FCEE381F9A2B4700F37EE1 /* DatabaseHelper.swift in Sources */ = {isa = PBXBuildFile; fileRef = F9FCEE371F9A2B4700F37EE1 /* DatabaseHelper.swift */; };
		F9FD23641F963043005BD2B9 /* View.storyboard in Resources */ = {isa = PBXBuildFile; fileRef = F9FD23631F963043005BD2B9 /* View.storyboard */; };
		F9FD23661F96306D005BD2B9 /* InputData.storyboard in Resources */ = {isa = PBXBuildFile; fileRef = F9FD23651F96306D005BD2B9 /* InputData.storyboard */; };
		F9FD23691F963ADD005BD2B9 /* LoginViewController.swift in Sources */ = {isa = PBXBuildFile; fileRef = F9FD23681F963ADD005BD2B9 /* LoginViewController.swift */; };
		F9FDB16C1FAA08CF00D0F8CC /* icons8-enter_pin.png in Resources */ = {isa = PBXBuildFile; fileRef = F9FDB16B1FAA08CF00D0F8CC /* icons8-enter_pin.png */; };
		F9FDB1771FAA08DB00D0F8CC /* icons8-star.png in Resources */ = {isa = PBXBuildFile; fileRef = F9FDB16D1FAA08DA00D0F8CC /* icons8-star.png */; };
		F9FDB1781FAA08DB00D0F8CC /* icons8-settings_filled.png in Resources */ = {isa = PBXBuildFile; fileRef = F9FDB16E1FAA08DA00D0F8CC /* icons8-settings_filled.png */; };
		F9FDB1791FAA08DB00D0F8CC /* icons8-futures_filled.png in Resources */ = {isa = PBXBuildFile; fileRef = F9FDB16F1FAA08DB00D0F8CC /* icons8-futures_filled.png */; };
		F9FDB17A1FAA08DB00D0F8CC /* icons8-geography.png in Resources */ = {isa = PBXBuildFile; fileRef = F9FDB1701FAA08DB00D0F8CC /* icons8-geography.png */; };
		F9FDB17B1FAA08DB00D0F8CC /* icons8-mind_map.png in Resources */ = {isa = PBXBuildFile; fileRef = F9FDB1711FAA08DB00D0F8CC /* icons8-mind_map.png */; };
		F9FDB17C1FAA08DB00D0F8CC /* icons8-blank.png in Resources */ = {isa = PBXBuildFile; fileRef = F9FDB1721FAA08DB00D0F8CC /* icons8-blank.png */; };
		F9FDB17D1FAA08DB00D0F8CC /* icons8-show_property.png in Resources */ = {isa = PBXBuildFile; fileRef = F9FDB1731FAA08DB00D0F8CC /* icons8-show_property.png */; };
		F9FDB17E1FAA08DB00D0F8CC /* icons8-attention.png in Resources */ = {isa = PBXBuildFile; fileRef = F9FDB1741FAA08DB00D0F8CC /* icons8-attention.png */; };
		F9FDB17F1FAA08DB00D0F8CC /* icons8-checkmark.png in Resources */ = {isa = PBXBuildFile; fileRef = F9FDB1751FAA08DB00D0F8CC /* icons8-checkmark.png */; };
		F9FDB1801FAA08DB00D0F8CC /* icons8-usd.png in Resources */ = {isa = PBXBuildFile; fileRef = F9FDB1761FAA08DB00D0F8CC /* icons8-usd.png */; };
		F9FDC1951F978083006D2493 /* PersonalViewController.swift in Sources */ = {isa = PBXBuildFile; fileRef = F9FDC1941F978083006D2493 /* PersonalViewController.swift */; };
		F9FDC1971F978091006D2493 /* Personal.storyboard in Resources */ = {isa = PBXBuildFile; fileRef = F9FDC1961F978091006D2493 /* Personal.storyboard */; };
		F9FDC19A1F9782F4006D2493 /* ReportViewController.swift in Sources */ = {isa = PBXBuildFile; fileRef = F9FDC1991F9782F4006D2493 /* ReportViewController.swift */; };
		F9FEDFB41F9385830015FB27 /* SecondViewController.swift in Sources */ = {isa = PBXBuildFile; fileRef = F9FEDFB31F9385830015FB27 /* SecondViewController.swift */; };
/* End PBXBuildFile section */

/* Begin PBXContainerItemProxy section */
		F98F1F9F1F924FB90001CC12 /* PBXContainerItemProxy */ = {
			isa = PBXContainerItemProxy;
			containerPortal = F98F1F821F924FB80001CC12 /* Project object */;
			proxyType = 1;
			remoteGlobalIDString = F98F1F891F924FB80001CC12;
			remoteInfo = DailyFinance;
		};
/* End PBXContainerItemProxy section */

/* Begin PBXCopyFilesBuildPhase section */
		F901E3CA1F98CE8800C51600 /* Embed Frameworks */ = {
			isa = PBXCopyFilesBuildPhase;
			buildActionMask = 2147483647;
			dstPath = "";
			dstSubfolderSpec = 10;
			files = (
			);
			name = "Embed Frameworks";
			runOnlyForDeploymentPostprocessing = 0;
		};
/* End PBXCopyFilesBuildPhase section */

/* Begin PBXFileReference section */
		0AC61A1C643F7552271DBBE4 /* Pods-CooperTests.release.xcconfig */ = {isa = PBXFileReference; includeInIndex = 1; lastKnownFileType = text.xcconfig; name = "Pods-CooperTests.release.xcconfig"; path = "Pods/Target Support Files/Pods-CooperTests/Pods-CooperTests.release.xcconfig"; sourceTree = "<group>"; };
		152D9CC0B25C537586A85CC5 /* Pods-Cooper.debug.xcconfig */ = {isa = PBXFileReference; includeInIndex = 1; lastKnownFileType = text.xcconfig; name = "Pods-Cooper.debug.xcconfig"; path = "Pods/Target Support Files/Pods-Cooper/Pods-Cooper.debug.xcconfig"; sourceTree = "<group>"; };
		3F4836574AC32D0D737E06E7 /* Pods-CooperTests.debug.xcconfig */ = {isa = PBXFileReference; includeInIndex = 1; lastKnownFileType = text.xcconfig; name = "Pods-CooperTests.debug.xcconfig"; path = "Pods/Target Support Files/Pods-CooperTests/Pods-CooperTests.debug.xcconfig"; sourceTree = "<group>"; };
		5C93BAF52DE4CE75DF69B0DB /* Pods-Cooper.release.xcconfig */ = {isa = PBXFileReference; includeInIndex = 1; lastKnownFileType = text.xcconfig; name = "Pods-Cooper.release.xcconfig"; path = "Pods/Target Support Files/Pods-Cooper/Pods-Cooper.release.xcconfig"; sourceTree = "<group>"; };
		9362F1CF8FE1570B0EFCC1ED /* Pods_CooperTests.framework */ = {isa = PBXFileReference; explicitFileType = wrapper.framework; includeInIndex = 0; path = Pods_CooperTests.framework; sourceTree = BUILT_PRODUCTS_DIR; };
		EEA8CD20D49DD6CE7DB23BE1 /* Pods_Cooper.framework */ = {isa = PBXFileReference; explicitFileType = wrapper.framework; includeInIndex = 0; path = Pods_Cooper.framework; sourceTree = BUILT_PRODUCTS_DIR; };
		F90F142E1FA5C61100535668 /* PersonalCollectionViewCell.swift */ = {isa = PBXFileReference; lastKnownFileType = sourcecode.swift; path = PersonalCollectionViewCell.swift; sourceTree = "<group>"; };
		F90F144A1FA5D8D200535668 /* CategoryManagementController.swift */ = {isa = PBXFileReference; lastKnownFileType = sourcecode.swift; path = CategoryManagementController.swift; sourceTree = "<group>"; };
		F90F144C1FA5D8E200535668 /* CategoryManagement.storyboard */ = {isa = PBXFileReference; lastKnownFileType = file.storyboard; path = CategoryManagement.storyboard; sourceTree = "<group>"; };
		F90F144F1FA5D96000535668 /* CurrencyManagementController.swift */ = {isa = PBXFileReference; lastKnownFileType = sourcecode.swift; path = CurrencyManagementController.swift; sourceTree = "<group>"; };
		F90F14511FA5D96C00535668 /* CurrencyManagement.storyboard */ = {isa = PBXFileReference; lastKnownFileType = file.storyboard; path = CurrencyManagement.storyboard; sourceTree = "<group>"; };
		F90F14541FA5D9F200535668 /* CustomStyleController.swift */ = {isa = PBXFileReference; lastKnownFileType = sourcecode.swift; path = CustomStyleController.swift; sourceTree = "<group>"; };
		F90F14561FA5D9FF00535668 /* CustomStyle.storyboard */ = {isa = PBXFileReference; lastKnownFileType = file.storyboard; path = CustomStyle.storyboard; sourceTree = "<group>"; };
		F90F14591FA5DA3700535668 /* LanguageController.swift */ = {isa = PBXFileReference; lastKnownFileType = sourcecode.swift; path = LanguageController.swift; sourceTree = "<group>"; };
		F90F145B1FA5DA4500535668 /* Language.storyboard */ = {isa = PBXFileReference; lastKnownFileType = file.storyboard; path = Language.storyboard; sourceTree = "<group>"; };
		F90F145D1FA5E4A600535668 /* CurrencyManagementCell.swift */ = {isa = PBXFileReference; lastKnownFileType = sourcecode.swift; path = CurrencyManagementCell.swift; sourceTree = "<group>"; };
		F90F145F1FA5E72700535668 /* CurrencyManagementService.swift */ = {isa = PBXFileReference; lastKnownFileType = sourcecode.swift; path = CurrencyManagementService.swift; sourceTree = "<group>"; };
		F94D67071FACA2EC006FAD85 /* icons8-search.png */ = {isa = PBXFileReference; lastKnownFileType = image.png; name = "icons8-search.png"; path = "../../../../Desktop/icon/icons8-search.png"; sourceTree = "<group>"; };
		F95B68511FA44DB6000715C6 /* InputDetail.swift */ = {isa = PBXFileReference; lastKnownFileType = sourcecode.swift; path = InputDetail.swift; sourceTree = "<group>"; };
		F95B68531FA44EBE000715C6 /* CommonCurrency.swift */ = {isa = PBXFileReference; lastKnownFileType = sourcecode.swift; path = CommonCurrency.swift; sourceTree = "<group>"; };
		F95B68551FA44F44000715C6 /* CommonCategory.swift */ = {isa = PBXFileReference; lastKnownFileType = sourcecode.swift; path = CommonCategory.swift; sourceTree = "<group>"; };
		F95B68571FA45D89000715C6 /* ReportService.swift */ = {isa = PBXFileReference; lastKnownFileType = sourcecode.swift; path = ReportService.swift; sourceTree = "<group>"; };
		F95B68591FA46CD1000715C6 /* InputDataService.swift */ = {isa = PBXFileReference; lastKnownFileType = sourcecode.swift; path = InputDataService.swift; sourceTree = "<group>"; };
		F95B685C1FA4A3E9000715C6 /* ViewService.swift */ = {isa = PBXFileReference; lastKnownFileType = sourcecode.swift; path = ViewService.swift; sourceTree = "<group>"; };
		F967814C1F9C6FA60079A4EA /* Cooper.app */ = {isa = PBXFileReference; explicitFileType = wrapper.application; includeInIndex = 0; path = Cooper.app; sourceTree = BUILT_PRODUCTS_DIR; };
		F96781681F9C74CC0079A4EA /* CooperTests.xctest */ = {isa = PBXFileReference; explicitFileType = wrapper.cfbundle; includeInIndex = 0; path = CooperTests.xctest; sourceTree = BUILT_PRODUCTS_DIR; };
		F96B517E1FED422700DA2AB2 /* BaseApi.swift */ = {isa = PBXFileReference; lastKnownFileType = sourcecode.swift; path = BaseApi.swift; sourceTree = "<group>"; };
		F98056B51FEF8D29003F89C6 /* LoginService.swift */ = {isa = PBXFileReference; lastKnownFileType = sourcecode.swift; path = LoginService.swift; sourceTree = "<group>"; };
		F98A58391FADFA9800F0495A /* ThreeMonthsViewController.swift */ = {isa = PBXFileReference; lastKnownFileType = sourcecode.swift; path = ThreeMonthsViewController.swift; sourceTree = "<group>"; };
		F98F1F8D1F924FB80001CC12 /* AppDelegate.swift */ = {isa = PBXFileReference; lastKnownFileType = sourcecode.swift; path = AppDelegate.swift; sourceTree = "<group>"; };
		F98F1F8F1F924FB80001CC12 /* DetailViewController.swift */ = {isa = PBXFileReference; lastKnownFileType = sourcecode.swift; path = DetailViewController.swift; sourceTree = "<group>"; };
		F98F1F921F924FB80001CC12 /* Base */ = {isa = PBXFileReference; lastKnownFileType = file.storyboard; name = Base; path = Base.lproj/Main.storyboard; sourceTree = "<group>"; };
		F98F1F991F924FB90001CC12 /* Info.plist */ = {isa = PBXFileReference; lastKnownFileType = text.plist.xml; path = Info.plist; sourceTree = "<group>"; };
		F98F1FA21F924FB90001CC12 /* CooperTests.swift */ = {isa = PBXFileReference; lastKnownFileType = sourcecode.swift; path = CooperTests.swift; sourceTree = "<group>"; };
		F98F1FA41F924FB90001CC12 /* Info.plist */ = {isa = PBXFileReference; lastKnownFileType = text.plist.xml; path = Info.plist; sourceTree = "<group>"; };
		F9B0E8B01F94DD2B00E08801 /* TabBarController.swift */ = {isa = PBXFileReference; lastKnownFileType = sourcecode.swift; path = TabBarController.swift; sourceTree = "<group>"; };
		F9B0E8B21F94DDBF00E08801 /* InputDataController.swift */ = {isa = PBXFileReference; lastKnownFileType = sourcecode.swift; path = InputDataController.swift; sourceTree = "<group>"; };
		F9C2CBD61FADE9B000000D7E /* MasterViewController.swift */ = {isa = PBXFileReference; lastKnownFileType = sourcecode.swift; path = MasterViewController.swift; sourceTree = "<group>"; };
		F9C2CBD81FADEA8200000D7E /* TwoWeeksViewController.swift */ = {isa = PBXFileReference; lastKnownFileType = sourcecode.swift; path = TwoWeeksViewController.swift; sourceTree = "<group>"; };
		F9E96D981F9F677900254096 /* Report.storyboard */ = {isa = PBXFileReference; fileEncoding = 4; lastKnownFileType = file.storyboard; path = Report.storyboard; sourceTree = "<group>"; };
		F9E98DB01FEAA64900900C67 /* GuideImage2.png */ = {isa = PBXFileReference; lastKnownFileType = image.png; name = GuideImage2.png; path = "../../../JianshuExamples-master/GuideViewExample/GuideViewExample/Assets.xcassets/AppIcon.appiconset/GuideImage2.png"; sourceTree = "<group>"; };
		F9E98DB21FEAA71A00900C67 /* GuideImage3.png */ = {isa = PBXFileReference; lastKnownFileType = image.png; name = GuideImage3.png; path = "../../../JianshuExamples-master/GuideViewExample/GuideViewExample/Assets.xcassets/AppIcon.appiconset/GuideImage3.png"; sourceTree = "<group>"; };
		F9E98DB41FEAA72100900C67 /* GuideImage1.png */ = {isa = PBXFileReference; lastKnownFileType = image.png; name = GuideImage1.png; path = "../../../JianshuExamples-master/GuideViewExample/GuideViewExample/Assets.xcassets/AppIcon.appiconset/GuideImage1.png"; sourceTree = "<group>"; };
		F9E98DB71FEAA80100900C67 /* GuideViewController.swift */ = {isa = PBXFileReference; lastKnownFileType = sourcecode.swift; path = GuideViewController.swift; sourceTree = "<group>"; };
		F9F974A11F9B443400B51D23 /* CoreLocation.framework */ = {isa = PBXFileReference; lastKnownFileType = wrapper.framework; name = CoreLocation.framework; path = System/Library/Frameworks/CoreLocation.framework; sourceTree = SDKROOT; };
		F9F974A91F9B983100B51D23 /* DetailTableViewCell.swift */ = {isa = PBXFileReference; lastKnownFileType = sourcecode.swift; path = DetailTableViewCell.swift; sourceTree = "<group>"; };
		F9FB6A441F979BAA00844BA2 /* Assets.xcassets */ = {isa = PBXFileReference; lastKnownFileType = folder.assetcatalog; path = Assets.xcassets; sourceTree = "<group>"; };
		F9FCEE371F9A2B4700F37EE1 /* DatabaseHelper.swift */ = {isa = PBXFileReference; lastKnownFileType = sourcecode.swift; path = DatabaseHelper.swift; sourceTree = "<group>"; };
		F9FD23631F963043005BD2B9 /* View.storyboard */ = {isa = PBXFileReference; lastKnownFileType = file.storyboard; path = View.storyboard; sourceTree = "<group>"; };
		F9FD23651F96306D005BD2B9 /* InputData.storyboard */ = {isa = PBXFileReference; lastKnownFileType = file.storyboard; path = InputData.storyboard; sourceTree = "<group>"; };
		F9FD23681F963ADD005BD2B9 /* LoginViewController.swift */ = {isa = PBXFileReference; lastKnownFileType = sourcecode.swift; path = LoginViewController.swift; sourceTree = "<group>"; };
		F9FDB16B1FAA08CF00D0F8CC /* icons8-enter_pin.png */ = {isa = PBXFileReference; lastKnownFileType = image.png; name = "icons8-enter_pin.png"; path = "../../../../Desktop/icon/icons8-enter_pin.png"; sourceTree = "<group>"; };
		F9FDB16D1FAA08DA00D0F8CC /* icons8-star.png */ = {isa = PBXFileReference; lastKnownFileType = image.png; name = "icons8-star.png"; path = "../../../../Desktop/icon/icons8-star.png"; sourceTree = "<group>"; };
		F9FDB16E1FAA08DA00D0F8CC /* icons8-settings_filled.png */ = {isa = PBXFileReference; lastKnownFileType = image.png; name = "icons8-settings_filled.png"; path = "../../../../Desktop/icon/icons8-settings_filled.png"; sourceTree = "<group>"; };
		F9FDB16F1FAA08DB00D0F8CC /* icons8-futures_filled.png */ = {isa = PBXFileReference; lastKnownFileType = image.png; name = "icons8-futures_filled.png"; path = "../../../../Desktop/icon/icons8-futures_filled.png"; sourceTree = "<group>"; };
		F9FDB1701FAA08DB00D0F8CC /* icons8-geography.png */ = {isa = PBXFileReference; lastKnownFileType = image.png; name = "icons8-geography.png"; path = "../../../../Desktop/icon/icons8-geography.png"; sourceTree = "<group>"; };
		F9FDB1711FAA08DB00D0F8CC /* icons8-mind_map.png */ = {isa = PBXFileReference; lastKnownFileType = image.png; name = "icons8-mind_map.png"; path = "../../../../Desktop/icon/icons8-mind_map.png"; sourceTree = "<group>"; };
		F9FDB1721FAA08DB00D0F8CC /* icons8-blank.png */ = {isa = PBXFileReference; lastKnownFileType = image.png; name = "icons8-blank.png"; path = "../../../../Desktop/icon/icons8-blank.png"; sourceTree = "<group>"; };
		F9FDB1731FAA08DB00D0F8CC /* icons8-show_property.png */ = {isa = PBXFileReference; lastKnownFileType = image.png; name = "icons8-show_property.png"; path = "../../../../Desktop/icon/icons8-show_property.png"; sourceTree = "<group>"; };
		F9FDB1741FAA08DB00D0F8CC /* icons8-attention.png */ = {isa = PBXFileReference; lastKnownFileType = image.png; name = "icons8-attention.png"; path = "../../../../Desktop/icon/icons8-attention.png"; sourceTree = "<group>"; };
		F9FDB1751FAA08DB00D0F8CC /* icons8-checkmark.png */ = {isa = PBXFileReference; lastKnownFileType = image.png; name = "icons8-checkmark.png"; path = "../../../../Desktop/icon/icons8-checkmark.png"; sourceTree = "<group>"; };
		F9FDB1761FAA08DB00D0F8CC /* icons8-usd.png */ = {isa = PBXFileReference; lastKnownFileType = image.png; name = "icons8-usd.png"; path = "../../../../Desktop/icon/icons8-usd.png"; sourceTree = "<group>"; };
		F9FDC1941F978083006D2493 /* PersonalViewController.swift */ = {isa = PBXFileReference; lastKnownFileType = sourcecode.swift; path = PersonalViewController.swift; sourceTree = "<group>"; };
		F9FDC1961F978091006D2493 /* Personal.storyboard */ = {isa = PBXFileReference; lastKnownFileType = file.storyboard; path = Personal.storyboard; sourceTree = "<group>"; };
		F9FDC1991F9782F4006D2493 /* ReportViewController.swift */ = {isa = PBXFileReference; lastKnownFileType = sourcecode.swift; path = ReportViewController.swift; sourceTree = "<group>"; };
		F9FEDFB31F9385830015FB27 /* SecondViewController.swift */ = {isa = PBXFileReference; lastKnownFileType = sourcecode.swift; path = SecondViewController.swift; sourceTree = "<group>"; };
/* End PBXFileReference section */

/* Begin PBXFrameworksBuildPhase section */
		F98F1F871F924FB80001CC12 /* Frameworks */ = {
			isa = PBXFrameworksBuildPhase;
			buildActionMask = 2147483647;
			files = (
				F9F974A81F9B445600B51D23 /* CoreLocation.framework in Frameworks */,
				2AE898C8459FEA29BAD066C9 /* Pods_Cooper.framework in Frameworks */,
			);
			runOnlyForDeploymentPostprocessing = 0;
		};
		F98F1F9B1F924FB90001CC12 /* Frameworks */ = {
			isa = PBXFrameworksBuildPhase;
			buildActionMask = 2147483647;
			files = (
				5BD7400FF866F8F68DFD832A /* Pods_CooperTests.framework in Frameworks */,
			);
			runOnlyForDeploymentPostprocessing = 0;
		};
/* End PBXFrameworksBuildPhase section */

/* Begin PBXGroup section */
		84A4983ED79A58356525E7F2 /* Pods */ = {
			isa = PBXGroup;
			children = (
				152D9CC0B25C537586A85CC5 /* Pods-Cooper.debug.xcconfig */,
				5C93BAF52DE4CE75DF69B0DB /* Pods-Cooper.release.xcconfig */,
				3F4836574AC32D0D737E06E7 /* Pods-CooperTests.debug.xcconfig */,
				0AC61A1C643F7552271DBBE4 /* Pods-CooperTests.release.xcconfig */,
			);
			name = Pods;
			sourceTree = "<group>";
		};
		F901E3C41F98CE6B00C51600 /* Frameworks */ = {
			isa = PBXGroup;
			children = (
				F9F974A11F9B443400B51D23 /* CoreLocation.framework */,
				EEA8CD20D49DD6CE7DB23BE1 /* Pods_Cooper.framework */,
				9362F1CF8FE1570B0EFCC1ED /* Pods_CooperTests.framework */,
			);
			name = Frameworks;
			sourceTree = "<group>";
		};
		F90F14491FA5D8A600535668 /* CategoryManagement */ = {
			isa = PBXGroup;
			children = (
				F90F144A1FA5D8D200535668 /* CategoryManagementController.swift */,
				F90F144C1FA5D8E200535668 /* CategoryManagement.storyboard */,
			);
			path = CategoryManagement;
			sourceTree = "<group>";
		};
		F90F144E1FA5D94900535668 /* CurrencyManagement */ = {
			isa = PBXGroup;
			children = (
				F90F144F1FA5D96000535668 /* CurrencyManagementController.swift */,
				F90F14511FA5D96C00535668 /* CurrencyManagement.storyboard */,
				F90F145D1FA5E4A600535668 /* CurrencyManagementCell.swift */,
				F90F145F1FA5E72700535668 /* CurrencyManagementService.swift */,
			);
			path = CurrencyManagement;
			sourceTree = "<group>";
		};
		F90F14531FA5D9D500535668 /* CustomStyleManagement */ = {
			isa = PBXGroup;
			children = (
				F90F14541FA5D9F200535668 /* CustomStyleController.swift */,
				F90F14561FA5D9FF00535668 /* CustomStyle.storyboard */,
			);
			path = CustomStyleManagement;
			sourceTree = "<group>";
		};
		F90F14581FA5DA1E00535668 /* LanguageManagement */ = {
			isa = PBXGroup;
			children = (
				F90F14591FA5DA3700535668 /* LanguageController.swift */,
				F90F145B1FA5DA4500535668 /* Language.storyboard */,
			);
			path = LanguageManagement;
			sourceTree = "<group>";
		};
		F95B68501FA44D44000715C6 /* Model */ = {
			isa = PBXGroup;
			children = (
				F95B68511FA44DB6000715C6 /* InputDetail.swift */,
				F95B68531FA44EBE000715C6 /* CommonCurrency.swift */,
				F95B68551FA44F44000715C6 /* CommonCategory.swift */,
			);
			path = Model;
			sourceTree = "<group>";
		};
		F98F1F811F924FB80001CC12 = {
			isa = PBXGroup;
			children = (
				F98F1F8C1F924FB80001CC12 /* Cooper */,
				F98F1FA11F924FB90001CC12 /* CooperTests */,
				F901E3C41F98CE6B00C51600 /* Frameworks */,
				F967814C1F9C6FA60079A4EA /* Cooper.app */,
				F96781681F9C74CC0079A4EA /* CooperTests.xctest */,
				84A4983ED79A58356525E7F2 /* Pods */,
			);
			sourceTree = "<group>";
		};
		F98F1F8C1F924FB80001CC12 /* Cooper */ = {
			isa = PBXGroup;
			children = (
				F98FFDDD1FE946F500CCDD60 /* API */,
				F90F14581FA5DA1E00535668 /* LanguageManagement */,
				F90F14531FA5D9D500535668 /* CustomStyleManagement */,
				F90F144E1FA5D94900535668 /* CurrencyManagement */,
				F90F14491FA5D8A600535668 /* CategoryManagement */,
				F95B68501FA44D44000715C6 /* Model */,
				F9FCEE301F9A2B0800F37EE1 /* Common */,
				F9FDC1981F9782C7006D2493 /* Report */,
				F9FDC1931F97805C006D2493 /* Personal */,
				F9FD23671F963ABD005BD2B9 /* Login */,
				F9FD23601F962FE3005BD2B9 /* TabBar */,
				F9FD235F1F962FBF005BD2B9 /* InputData */,
				F9FD235C1F962F2B005BD2B9 /* View */,
				F9FEDFAF1F9370FD0015FB27 /* resources */,
				F98F1F8D1F924FB80001CC12 /* AppDelegate.swift */,
				F9E98DB71FEAA80100900C67 /* GuideViewController.swift */,
				F98F1F911F924FB80001CC12 /* Main.storyboard */,
				F98F1F991F924FB90001CC12 /* Info.plist */,
				F9FB6A441F979BAA00844BA2 /* Assets.xcassets */,
			);
			path = Cooper;
			sourceTree = "<group>";
		};
		F98F1FA11F924FB90001CC12 /* CooperTests */ = {
			isa = PBXGroup;
			children = (
				F98F1FA21F924FB90001CC12 /* CooperTests.swift */,
				F98F1FA41F924FB90001CC12 /* Info.plist */,
			);
			path = CooperTests;
			sourceTree = "<group>";
		};
		F98FFDDD1FE946F500CCDD60 /* API */ = {
			isa = PBXGroup;
			children = (
				F96B517E1FED422700DA2AB2 /* BaseApi.swift */,
			);
			path = API;
			sourceTree = "<group>";
		};
		F9FCEE301F9A2B0800F37EE1 /* Common */ = {
			isa = PBXGroup;
			children = (
				F9FCEE371F9A2B4700F37EE1 /* DatabaseHelper.swift */,
			);
			path = Common;
			sourceTree = "<group>";
		};
		F9FD235C1F962F2B005BD2B9 /* View */ = {
			isa = PBXGroup;
			children = (
				F9FEDFB31F9385830015FB27 /* SecondViewController.swift */,
				F98F1F8F1F924FB80001CC12 /* DetailViewController.swift */,
				F9FD23631F963043005BD2B9 /* View.storyboard */,
				F9F974A91F9B983100B51D23 /* DetailTableViewCell.swift */,
				F95B685C1FA4A3E9000715C6 /* ViewService.swift */,
			);
			path = View;
			sourceTree = "<group>";
		};
		F9FD235F1F962FBF005BD2B9 /* InputData */ = {
			isa = PBXGroup;
			children = (
				F9B0E8B21F94DDBF00E08801 /* InputDataController.swift */,
				F9FD23651F96306D005BD2B9 /* InputData.storyboard */,
				F95B68591FA46CD1000715C6 /* InputDataService.swift */,
			);
			path = InputData;
			sourceTree = "<group>";
		};
		F9FD23601F962FE3005BD2B9 /* TabBar */ = {
			isa = PBXGroup;
			children = (
				F9B0E8B01F94DD2B00E08801 /* TabBarController.swift */,
			);
			path = TabBar;
			sourceTree = "<group>";
		};
		F9FD23671F963ABD005BD2B9 /* Login */ = {
			isa = PBXGroup;
			children = (
				F9FD23681F963ADD005BD2B9 /* LoginViewController.swift */,
				F98056B51FEF8D29003F89C6 /* LoginService.swift */,
			);
			path = Login;
			sourceTree = "<group>";
		};
		F9FDC1931F97805C006D2493 /* Personal */ = {
			isa = PBXGroup;
			children = (
				F9FDC1941F978083006D2493 /* PersonalViewController.swift */,
				F9FDC1961F978091006D2493 /* Personal.storyboard */,
				F90F142E1FA5C61100535668 /* PersonalCollectionViewCell.swift */,
			);
			path = Personal;
			sourceTree = "<group>";
		};
		F9FDC1981F9782C7006D2493 /* Report */ = {
			isa = PBXGroup;
			children = (
				F9E96D981F9F677900254096 /* Report.storyboard */,
				F9FDC1991F9782F4006D2493 /* ReportViewController.swift */,
				F95B68571FA45D89000715C6 /* ReportService.swift */,
				F9C2CBD61FADE9B000000D7E /* MasterViewController.swift */,
				F9C2CBD81FADEA8200000D7E /* TwoWeeksViewController.swift */,
				F98A58391FADFA9800F0495A /* ThreeMonthsViewController.swift */,
			);
			path = Report;
			sourceTree = "<group>";
		};
		F9FEDFAF1F9370FD0015FB27 /* resources */ = {
			isa = PBXGroup;
			children = (
				F9E98DB41FEAA72100900C67 /* GuideImage1.png */,
				F9E98DB21FEAA71A00900C67 /* GuideImage3.png */,
				F9E98DB01FEAA64900900C67 /* GuideImage2.png */,
				F94D67071FACA2EC006FAD85 /* icons8-search.png */,
				F9FDB1741FAA08DB00D0F8CC /* icons8-attention.png */,
				F9FDB1721FAA08DB00D0F8CC /* icons8-blank.png */,
				F9FDB1751FAA08DB00D0F8CC /* icons8-checkmark.png */,
				F9FDB16F1FAA08DB00D0F8CC /* icons8-futures_filled.png */,
				F9FDB1701FAA08DB00D0F8CC /* icons8-geography.png */,
				F9FDB1711FAA08DB00D0F8CC /* icons8-mind_map.png */,
				F9FDB16E1FAA08DA00D0F8CC /* icons8-settings_filled.png */,
				F9FDB1731FAA08DB00D0F8CC /* icons8-show_property.png */,
				F9FDB16D1FAA08DA00D0F8CC /* icons8-star.png */,
				F9FDB1761FAA08DB00D0F8CC /* icons8-usd.png */,
				F9FDB16B1FAA08CF00D0F8CC /* icons8-enter_pin.png */,
			);
			path = resources;
			sourceTree = "<group>";
		};
/* End PBXGroup section */

/* Begin PBXNativeTarget section */
		F98F1F891F924FB80001CC12 /* Cooper */ = {
			isa = PBXNativeTarget;
			buildConfigurationList = F98F1FA71F924FB90001CC12 /* Build configuration list for PBXNativeTarget "Cooper" */;
			buildPhases = (
				490242AAAE2730563E0E91E1 /* [CP] Check Pods Manifest.lock */,
				F98F1F861F924FB80001CC12 /* Sources */,
				F98F1F871F924FB80001CC12 /* Frameworks */,
				F98F1F881F924FB80001CC12 /* Resources */,
				F901E3CA1F98CE8800C51600 /* Embed Frameworks */,
				6F151A139843CAFAFC681536 /* [CP] Embed Pods Frameworks */,
				983DA1C0ED4E62785DB4F27F /* [CP] Copy Pods Resources */,
			);
			buildRules = (
			);
			dependencies = (
			);
			name = Cooper;
			productName = DailyFinance;
			productReference = F967814C1F9C6FA60079A4EA /* Cooper.app */;
			productType = "com.apple.product-type.application";
		};
		F98F1F9D1F924FB90001CC12 /* CooperTests */ = {
			isa = PBXNativeTarget;
			buildConfigurationList = F98F1FAA1F924FB90001CC12 /* Build configuration list for PBXNativeTarget "CooperTests" */;
			buildPhases = (
				3490B8AE4281840558CC96BF /* [CP] Check Pods Manifest.lock */,
				F98F1F9A1F924FB90001CC12 /* Sources */,
				F98F1F9B1F924FB90001CC12 /* Frameworks */,
				F98F1F9C1F924FB90001CC12 /* Resources */,
				5A9FF5010B80D2F82610506D /* [CP] Embed Pods Frameworks */,
				BB1B8CDFBE419E44B51CB43D /* [CP] Copy Pods Resources */,
			);
			buildRules = (
			);
			dependencies = (
				F98F1FA01F924FB90001CC12 /* PBXTargetDependency */,
			);
			name = CooperTests;
			productName = DailyFinanceTests;
			productReference = F96781681F9C74CC0079A4EA /* CooperTests.xctest */;
			productType = "com.apple.product-type.bundle.unit-test";
		};
/* End PBXNativeTarget section */

/* Begin PBXProject section */
		F98F1F821F924FB80001CC12 /* Project object */ = {
			isa = PBXProject;
			attributes = {
				LastSwiftUpdateCheck = 0910;
				LastUpgradeCheck = 0910;
				ORGANIZATIONNAME = "李亚男";
				TargetAttributes = {
					F98F1F891F924FB80001CC12 = {
						CreatedOnToolsVersion = 9.1;
						ProvisioningStyle = Automatic;
					};
					F98F1F9D1F924FB90001CC12 = {
						CreatedOnToolsVersion = 9.1;
						ProvisioningStyle = Automatic;
						TestTargetID = F98F1F891F924FB80001CC12;
					};
				};
			};
			buildConfigurationList = F98F1F851F924FB80001CC12 /* Build configuration list for PBXProject "Cooper" */;
			compatibilityVersion = "Xcode 8.0";
			developmentRegion = en;
			hasScannedForEncodings = 0;
			knownRegions = (
				en,
				Base,
			);
			mainGroup = F98F1F811F924FB80001CC12;
			productRefGroup = F98F1F811F924FB80001CC12;
			projectDirPath = "";
			projectRoot = "";
			targets = (
				F98F1F891F924FB80001CC12 /* Cooper */,
				F98F1F9D1F924FB90001CC12 /* CooperTests */,
			);
		};
/* End PBXProject section */

/* Begin PBXResourcesBuildPhase section */
		F98F1F881F924FB80001CC12 /* Resources */ = {
			isa = PBXResourcesBuildPhase;
			buildActionMask = 2147483647;
			files = (
				F9FDC1971F978091006D2493 /* Personal.storyboard in Resources */,
				F9E98DB51FEAA72100900C67 /* GuideImage1.png in Resources */,
				F9FD23661F96306D005BD2B9 /* InputData.storyboard in Resources */,
				F9E96D991F9F677900254096 /* Report.storyboard in Resources */,
				F90F14571FA5D9FF00535668 /* CustomStyle.storyboard in Resources */,
				F9FDB1791FAA08DB00D0F8CC /* icons8-futures_filled.png in Resources */,
				F90F145C1FA5DA4500535668 /* Language.storyboard in Resources */,
				F9E98DB31FEAA71B00900C67 /* GuideImage3.png in Resources */,
				F9FDB1781FAA08DB00D0F8CC /* icons8-settings_filled.png in Resources */,
				F9FDB17E1FAA08DB00D0F8CC /* icons8-attention.png in Resources */,
				F9FDB17D1FAA08DB00D0F8CC /* icons8-show_property.png in Resources */,
				F94D67081FACA2EC006FAD85 /* icons8-search.png in Resources */,
				F9FDB1801FAA08DB00D0F8CC /* icons8-usd.png in Resources */,
				F9FDB1771FAA08DB00D0F8CC /* icons8-star.png in Resources */,
				F90F14521FA5D96C00535668 /* CurrencyManagement.storyboard in Resources */,
				F9FDB17A1FAA08DB00D0F8CC /* icons8-geography.png in Resources */,
				F9FB6A451F979BAA00844BA2 /* Assets.xcassets in Resources */,
				F9FD23641F963043005BD2B9 /* View.storyboard in Resources */,
				F9FDB17B1FAA08DB00D0F8CC /* icons8-mind_map.png in Resources */,
				F9E98DB11FEAA64900900C67 /* GuideImage2.png in Resources */,
				F9FDB17C1FAA08DB00D0F8CC /* icons8-blank.png in Resources */,
				F98F1F931F924FB80001CC12 /* Main.storyboard in Resources */,
				F9FDB17F1FAA08DB00D0F8CC /* icons8-checkmark.png in Resources */,
				F90F144D1FA5D8E200535668 /* CategoryManagement.storyboard in Resources */,
				F9FDB16C1FAA08CF00D0F8CC /* icons8-enter_pin.png in Resources */,
			);
			runOnlyForDeploymentPostprocessing = 0;
		};
		F98F1F9C1F924FB90001CC12 /* Resources */ = {
			isa = PBXResourcesBuildPhase;
			buildActionMask = 2147483647;
			files = (
			);
			runOnlyForDeploymentPostprocessing = 0;
		};
/* End PBXResourcesBuildPhase section */

/* Begin PBXShellScriptBuildPhase section */
		3490B8AE4281840558CC96BF /* [CP] Check Pods Manifest.lock */ = {
			isa = PBXShellScriptBuildPhase;
			buildActionMask = 2147483647;
			files = (
			);
			inputPaths = (
				"${PODS_PODFILE_DIR_PATH}/Podfile.lock",
				"${PODS_ROOT}/Manifest.lock",
			);
			name = "[CP] Check Pods Manifest.lock";
			outputPaths = (
				"$(DERIVED_FILE_DIR)/Pods-CooperTests-checkManifestLockResult.txt",
			);
			runOnlyForDeploymentPostprocessing = 0;
			shellPath = /bin/sh;
			shellScript = "diff \"${PODS_PODFILE_DIR_PATH}/Podfile.lock\" \"${PODS_ROOT}/Manifest.lock\" > /dev/null\nif [ $? != 0 ] ; then\n    # print error to STDERR\n    echo \"error: The sandbox is not in sync with the Podfile.lock. Run 'pod install' or update your CocoaPods installation.\" >&2\n    exit 1\nfi\n# This output is used by Xcode 'outputs' to avoid re-running this script phase.\necho \"SUCCESS\" > \"${SCRIPT_OUTPUT_FILE_0}\"\n";
			showEnvVarsInLog = 0;
		};
		490242AAAE2730563E0E91E1 /* [CP] Check Pods Manifest.lock */ = {
			isa = PBXShellScriptBuildPhase;
			buildActionMask = 2147483647;
			files = (
			);
			inputPaths = (
				"${PODS_PODFILE_DIR_PATH}/Podfile.lock",
				"${PODS_ROOT}/Manifest.lock",
			);
			name = "[CP] Check Pods Manifest.lock";
			outputPaths = (
				"$(DERIVED_FILE_DIR)/Pods-Cooper-checkManifestLockResult.txt",
			);
			runOnlyForDeploymentPostprocessing = 0;
			shellPath = /bin/sh;
			shellScript = "diff \"${PODS_PODFILE_DIR_PATH}/Podfile.lock\" \"${PODS_ROOT}/Manifest.lock\" > /dev/null\nif [ $? != 0 ] ; then\n    # print error to STDERR\n    echo \"error: The sandbox is not in sync with the Podfile.lock. Run 'pod install' or update your CocoaPods installation.\" >&2\n    exit 1\nfi\n# This output is used by Xcode 'outputs' to avoid re-running this script phase.\necho \"SUCCESS\" > \"${SCRIPT_OUTPUT_FILE_0}\"\n";
			showEnvVarsInLog = 0;
		};
		5A9FF5010B80D2F82610506D /* [CP] Embed Pods Frameworks */ = {
			isa = PBXShellScriptBuildPhase;
			buildActionMask = 2147483647;
			files = (
			);
			inputPaths = (
			);
			name = "[CP] Embed Pods Frameworks";
			outputPaths = (
			);
			runOnlyForDeploymentPostprocessing = 0;
			shellPath = /bin/sh;
			shellScript = "\"${SRCROOT}/Pods/Target Support Files/Pods-CooperTests/Pods-CooperTests-frameworks.sh\"\n";
			showEnvVarsInLog = 0;
		};
		6F151A139843CAFAFC681536 /* [CP] Embed Pods Frameworks */ = {
			isa = PBXShellScriptBuildPhase;
			buildActionMask = 2147483647;
			files = (
			);
			inputPaths = (
				"${SRCROOT}/Pods/Target Support Files/Pods-Cooper/Pods-Cooper-frameworks.sh",
				"${BUILT_PRODUCTS_DIR}/Alamofire/Alamofire.framework",
				"${BUILT_PRODUCTS_DIR}/Charts/Charts.framework",
				"${BUILT_PRODUCTS_DIR}/SQLite.swift/SQLite.framework",
				"${BUILT_PRODUCTS_DIR}/SwiftyJSON/SwiftyJSON.framework",
			);
			name = "[CP] Embed Pods Frameworks";
			outputPaths = (
				"${TARGET_BUILD_DIR}/${FRAMEWORKS_FOLDER_PATH}/Alamofire.framework",
				"${TARGET_BUILD_DIR}/${FRAMEWORKS_FOLDER_PATH}/Charts.framework",
				"${TARGET_BUILD_DIR}/${FRAMEWORKS_FOLDER_PATH}/SQLite.framework",
				"${TARGET_BUILD_DIR}/${FRAMEWORKS_FOLDER_PATH}/SwiftyJSON.framework",
			);
			runOnlyForDeploymentPostprocessing = 0;
			shellPath = /bin/sh;
			shellScript = "\"${SRCROOT}/Pods/Target Support Files/Pods-Cooper/Pods-Cooper-frameworks.sh\"\n";
			showEnvVarsInLog = 0;
		};
		983DA1C0ED4E62785DB4F27F /* [CP] Copy Pods Resources */ = {
			isa = PBXShellScriptBuildPhase;
			buildActionMask = 2147483647;
			files = (
			);
			inputPaths = (
			);
			name = "[CP] Copy Pods Resources";
			outputPaths = (
			);
			runOnlyForDeploymentPostprocessing = 0;
			shellPath = /bin/sh;
			shellScript = "\"${SRCROOT}/Pods/Target Support Files/Pods-Cooper/Pods-Cooper-resources.sh\"\n";
			showEnvVarsInLog = 0;
		};
		BB1B8CDFBE419E44B51CB43D /* [CP] Copy Pods Resources */ = {
			isa = PBXShellScriptBuildPhase;
			buildActionMask = 2147483647;
			files = (
			);
			inputPaths = (
			);
			name = "[CP] Copy Pods Resources";
			outputPaths = (
			);
			runOnlyForDeploymentPostprocessing = 0;
			shellPath = /bin/sh;
			shellScript = "\"${SRCROOT}/Pods/Target Support Files/Pods-CooperTests/Pods-CooperTests-resources.sh\"\n";
			showEnvVarsInLog = 0;
		};
/* End PBXShellScriptBuildPhase section */

/* Begin PBXSourcesBuildPhase section */
		F98F1F861F924FB80001CC12 /* Sources */ = {
			isa = PBXSourcesBuildPhase;
			buildActionMask = 2147483647;
			files = (
				F90F144B1FA5D8D200535668 /* CategoryManagementController.swift in Sources */,
				F90F145E1FA5E4A600535668 /* CurrencyManagementCell.swift in Sources */,
				F98056B61FEF8D29003F89C6 /* LoginService.swift in Sources */,
				F9FDC19A1F9782F4006D2493 /* ReportViewController.swift in Sources */,
				F95B68581FA45D89000715C6 /* ReportService.swift in Sources */,
				F9FCEE381F9A2B4700F37EE1 /* DatabaseHelper.swift in Sources */,
				F95B68521FA44DB6000715C6 /* InputDetail.swift in Sources */,
				F90F14501FA5D96000535668 /* CurrencyManagementController.swift in Sources */,
				F9FD23691F963ADD005BD2B9 /* LoginViewController.swift in Sources */,
				F9C2CBD71FADE9B000000D7E /* MasterViewController.swift in Sources */,
				F96B517F1FED422700DA2AB2 /* BaseApi.swift in Sources */,
				F9FEDFB41F9385830015FB27 /* SecondViewController.swift in Sources */,
				F9B0E8B11F94DD2B00E08801 /* TabBarController.swift in Sources */,
				F9E98DB81FEAA87500900C67 /* GuideViewController.swift in Sources */,
				F98F1F901F924FB80001CC12 /* DetailViewController.swift in Sources */,
				F95B685D1FA4A3E9000715C6 /* ViewService.swift in Sources */,
				F95B68561FA44F44000715C6 /* CommonCategory.swift in Sources */,
				F9B0E8B31F94DDBF00E08801 /* InputDataController.swift in Sources */,
				F90F14601FA5E72700535668 /* CurrencyManagementService.swift in Sources */,
				F9C2CBD91FADEA8200000D7E /* TwoWeeksViewController.swift in Sources */,
				F98F1F8E1F924FB80001CC12 /* AppDelegate.swift in Sources */,
				F90F145A1FA5DA3700535668 /* LanguageController.swift in Sources */,
				F95B685A1FA46CD1000715C6 /* InputDataService.swift in Sources */,
				F9F974AA1F9B983100B51D23 /* DetailTableViewCell.swift in Sources */,
				F9FDC1951F978083006D2493 /* PersonalViewController.swift in Sources */,
				F98A583A1FADFA9800F0495A /* ThreeMonthsViewController.swift in Sources */,
				F95B68541FA44EBE000715C6 /* CommonCurrency.swift in Sources */,
				F90F14551FA5D9F200535668 /* CustomStyleController.swift in Sources */,
				F90F142F1FA5C61100535668 /* PersonalCollectionViewCell.swift in Sources */,
			);
			runOnlyForDeploymentPostprocessing = 0;
		};
		F98F1F9A1F924FB90001CC12 /* Sources */ = {
			isa = PBXSourcesBuildPhase;
			buildActionMask = 2147483647;
			files = (
				F98F1FA31F924FB90001CC12 /* CooperTests.swift in Sources */,
			);
			runOnlyForDeploymentPostprocessing = 0;
		};
/* End PBXSourcesBuildPhase section */

/* Begin PBXTargetDependency section */
		F98F1FA01F924FB90001CC12 /* PBXTargetDependency */ = {
			isa = PBXTargetDependency;
			target = F98F1F891F924FB80001CC12 /* Cooper */;
			targetProxy = F98F1F9F1F924FB90001CC12 /* PBXContainerItemProxy */;
		};
/* End PBXTargetDependency section */

/* Begin PBXVariantGroup section */
		F98F1F911F924FB80001CC12 /* Main.storyboard */ = {
			isa = PBXVariantGroup;
			children = (
				F98F1F921F924FB80001CC12 /* Base */,
			);
			name = Main.storyboard;
			sourceTree = "<group>";
		};
/* End PBXVariantGroup section */

/* Begin XCBuildConfiguration section */
		F98F1FA51F924FB90001CC12 /* Debug */ = {
			isa = XCBuildConfiguration;
			buildSettings = {
				ALWAYS_SEARCH_USER_PATHS = NO;
				CLANG_ANALYZER_NONNULL = YES;
				CLANG_ANALYZER_NUMBER_OBJECT_CONVERSION = YES_AGGRESSIVE;
				CLANG_CXX_LANGUAGE_STANDARD = "gnu++14";
				CLANG_CXX_LIBRARY = "libc++";
				CLANG_ENABLE_MODULES = YES;
				CLANG_ENABLE_OBJC_ARC = YES;
				CLANG_WARN_BLOCK_CAPTURE_AUTORELEASING = YES;
				CLANG_WARN_BOOL_CONVERSION = YES;
				CLANG_WARN_COMMA = YES;
				CLANG_WARN_CONSTANT_CONVERSION = YES;
				CLANG_WARN_DIRECT_OBJC_ISA_USAGE = YES_ERROR;
				CLANG_WARN_DOCUMENTATION_COMMENTS = YES;
				CLANG_WARN_EMPTY_BODY = YES;
				CLANG_WARN_ENUM_CONVERSION = YES;
				CLANG_WARN_INFINITE_RECURSION = YES;
				CLANG_WARN_INT_CONVERSION = YES;
				CLANG_WARN_NON_LITERAL_NULL_CONVERSION = YES;
				CLANG_WARN_OBJC_LITERAL_CONVERSION = YES;
				CLANG_WARN_OBJC_ROOT_CLASS = YES_ERROR;
				CLANG_WARN_RANGE_LOOP_ANALYSIS = YES;
				CLANG_WARN_STRICT_PROTOTYPES = YES;
				CLANG_WARN_SUSPICIOUS_MOVE = YES;
				CLANG_WARN_UNGUARDED_AVAILABILITY = YES_AGGRESSIVE;
				CLANG_WARN_UNREACHABLE_CODE = YES;
				CLANG_WARN__DUPLICATE_METHOD_MATCH = YES;
				CODE_SIGN_IDENTITY = "iPhone Developer";
				COPY_PHASE_STRIP = NO;
				DEBUG_INFORMATION_FORMAT = dwarf;
				ENABLE_STRICT_OBJC_MSGSEND = YES;
				ENABLE_TESTABILITY = YES;
				GCC_C_LANGUAGE_STANDARD = gnu11;
				GCC_DYNAMIC_NO_PIC = NO;
				GCC_NO_COMMON_BLOCKS = YES;
				GCC_OPTIMIZATION_LEVEL = 0;
				GCC_PREPROCESSOR_DEFINITIONS = (
					"DEBUG=1",
					"$(inherited)",
				);
				GCC_WARN_64_TO_32_BIT_CONVERSION = YES;
				GCC_WARN_ABOUT_RETURN_TYPE = YES_ERROR;
				GCC_WARN_UNDECLARED_SELECTOR = YES;
				GCC_WARN_UNINITIALIZED_AUTOS = YES_AGGRESSIVE;
				GCC_WARN_UNUSED_FUNCTION = YES;
				GCC_WARN_UNUSED_VARIABLE = YES;
				IPHONEOS_DEPLOYMENT_TARGET = 11.1;
				MTL_ENABLE_DEBUG_INFO = YES;
				ONLY_ACTIVE_ARCH = YES;
				SDKROOT = iphoneos;
				SWIFT_ACTIVE_COMPILATION_CONDITIONS = DEBUG;
				SWIFT_OPTIMIZATION_LEVEL = "-Onone";
			};
			name = Debug;
		};
		F98F1FA61F924FB90001CC12 /* Release */ = {
			isa = XCBuildConfiguration;
			buildSettings = {
				ALWAYS_SEARCH_USER_PATHS = NO;
				CLANG_ANALYZER_NONNULL = YES;
				CLANG_ANALYZER_NUMBER_OBJECT_CONVERSION = YES_AGGRESSIVE;
				CLANG_CXX_LANGUAGE_STANDARD = "gnu++14";
				CLANG_CXX_LIBRARY = "libc++";
				CLANG_ENABLE_MODULES = YES;
				CLANG_ENABLE_OBJC_ARC = YES;
				CLANG_WARN_BLOCK_CAPTURE_AUTORELEASING = YES;
				CLANG_WARN_BOOL_CONVERSION = YES;
				CLANG_WARN_COMMA = YES;
				CLANG_WARN_CONSTANT_CONVERSION = YES;
				CLANG_WARN_DIRECT_OBJC_ISA_USAGE = YES_ERROR;
				CLANG_WARN_DOCUMENTATION_COMMENTS = YES;
				CLANG_WARN_EMPTY_BODY = YES;
				CLANG_WARN_ENUM_CONVERSION = YES;
				CLANG_WARN_INFINITE_RECURSION = YES;
				CLANG_WARN_INT_CONVERSION = YES;
				CLANG_WARN_NON_LITERAL_NULL_CONVERSION = YES;
				CLANG_WARN_OBJC_LITERAL_CONVERSION = YES;
				CLANG_WARN_OBJC_ROOT_CLASS = YES_ERROR;
				CLANG_WARN_RANGE_LOOP_ANALYSIS = YES;
				CLANG_WARN_STRICT_PROTOTYPES = YES;
				CLANG_WARN_SUSPICIOUS_MOVE = YES;
				CLANG_WARN_UNGUARDED_AVAILABILITY = YES_AGGRESSIVE;
				CLANG_WARN_UNREACHABLE_CODE = YES;
				CLANG_WARN__DUPLICATE_METHOD_MATCH = YES;
				CODE_SIGN_IDENTITY = "iPhone Developer";
				COPY_PHASE_STRIP = NO;
				DEBUG_INFORMATION_FORMAT = "dwarf-with-dsym";
				ENABLE_NS_ASSERTIONS = NO;
				ENABLE_STRICT_OBJC_MSGSEND = YES;
				GCC_C_LANGUAGE_STANDARD = gnu11;
				GCC_NO_COMMON_BLOCKS = YES;
				GCC_WARN_64_TO_32_BIT_CONVERSION = YES;
				GCC_WARN_ABOUT_RETURN_TYPE = YES_ERROR;
				GCC_WARN_UNDECLARED_SELECTOR = YES;
				GCC_WARN_UNINITIALIZED_AUTOS = YES_AGGRESSIVE;
				GCC_WARN_UNUSED_FUNCTION = YES;
				GCC_WARN_UNUSED_VARIABLE = YES;
				IPHONEOS_DEPLOYMENT_TARGET = 11.1;
				MTL_ENABLE_DEBUG_INFO = NO;
				SDKROOT = iphoneos;
				SWIFT_OPTIMIZATION_LEVEL = "-Owholemodule";
				VALIDATE_PRODUCT = YES;
			};
			name = Release;
		};
		F98F1FA81F924FB90001CC12 /* Debug */ = {
			isa = XCBuildConfiguration;
			baseConfigurationReference = 152D9CC0B25C537586A85CC5 /* Pods-Cooper.debug.xcconfig */;
			buildSettings = {
				ALWAYS_EMBED_SWIFT_STANDARD_LIBRARIES = YES;
				ASSETCATALOG_COMPILER_APPICON_NAME = AppIcon;
				ASSETCATALOG_COMPILER_LAUNCHIMAGE_NAME = LaunchImage;
				CODE_SIGN_STYLE = Automatic;
				INFOPLIST_FILE = Cooper/Info.plist;
				LD_RUNPATH_SEARCH_PATHS = "$(inherited) @executable_path/Frameworks";
				PRODUCT_BUNDLE_IDENTIFIER = AlenLee.Cooper;
				PRODUCT_NAME = "$(TARGET_NAME)";
				SWIFT_VERSION = 4.0;
				TARGETED_DEVICE_FAMILY = "1,2";
			};
			name = Debug;
		};
		F98F1FA91F924FB90001CC12 /* Release */ = {
			isa = XCBuildConfiguration;
			baseConfigurationReference = 5C93BAF52DE4CE75DF69B0DB /* Pods-Cooper.release.xcconfig */;
			buildSettings = {
				ALWAYS_EMBED_SWIFT_STANDARD_LIBRARIES = YES;
				ASSETCATALOG_COMPILER_APPICON_NAME = AppIcon;
				ASSETCATALOG_COMPILER_LAUNCHIMAGE_NAME = LaunchImage;
				CODE_SIGN_STYLE = Automatic;
				INFOPLIST_FILE = Cooper/Info.plist;
				LD_RUNPATH_SEARCH_PATHS = "$(inherited) @executable_path/Frameworks";
				PRODUCT_BUNDLE_IDENTIFIER = AlenLee.Cooper;
				PRODUCT_NAME = "$(TARGET_NAME)";
				SWIFT_VERSION = 4.0;
				TARGETED_DEVICE_FAMILY = "1,2";
			};
			name = Release;
		};
		F98F1FAB1F924FB90001CC12 /* Debug */ = {
			isa = XCBuildConfiguration;
			baseConfigurationReference = 3F4836574AC32D0D737E06E7 /* Pods-CooperTests.debug.xcconfig */;
			buildSettings = {
				ALWAYS_EMBED_SWIFT_STANDARD_LIBRARIES = YES;
				BUNDLE_LOADER = "$(TEST_HOST)";
				CODE_SIGN_STYLE = Automatic;
				INFOPLIST_FILE = CooperTests/Info.plist;
				LD_RUNPATH_SEARCH_PATHS = "$(inherited) @executable_path/Frameworks @loader_path/Frameworks";
				PRODUCT_BUNDLE_IDENTIFIER = CooperTests;
				PRODUCT_NAME = "$(TARGET_NAME)";
				SWIFT_VERSION = 4.0;
				TARGETED_DEVICE_FAMILY = "1,2";
				TEST_HOST = "$(BUILT_PRODUCTS_DIR)/Cooper.app/Cooper";
			};
			name = Debug;
		};
		F98F1FAC1F924FB90001CC12 /* Release */ = {
			isa = XCBuildConfiguration;
			baseConfigurationReference = 0AC61A1C643F7552271DBBE4 /* Pods-CooperTests.release.xcconfig */;
			buildSettings = {
				ALWAYS_EMBED_SWIFT_STANDARD_LIBRARIES = YES;
				BUNDLE_LOADER = "$(TEST_HOST)";
				CODE_SIGN_STYLE = Automatic;
				INFOPLIST_FILE = CooperTests/Info.plist;
				LD_RUNPATH_SEARCH_PATHS = "$(inherited) @executable_path/Frameworks @loader_path/Frameworks";
				PRODUCT_BUNDLE_IDENTIFIER = CooperTests;
				PRODUCT_NAME = "$(TARGET_NAME)";
				SWIFT_VERSION = 4.0;
				TARGETED_DEVICE_FAMILY = "1,2";
				TEST_HOST = "$(BUILT_PRODUCTS_DIR)/Cooper.app/Cooper";
			};
			name = Release;
		};
/* End XCBuildConfiguration section */

/* Begin XCConfigurationList section */
		F98F1F851F924FB80001CC12 /* Build configuration list for PBXProject "Cooper" */ = {
			isa = XCConfigurationList;
			buildConfigurations = (
				F98F1FA51F924FB90001CC12 /* Debug */,
				F98F1FA61F924FB90001CC12 /* Release */,
			);
			defaultConfigurationIsVisible = 0;
			defaultConfigurationName = Release;
		};
		F98F1FA71F924FB90001CC12 /* Build configuration list for PBXNativeTarget "Cooper" */ = {
			isa = XCConfigurationList;
			buildConfigurations = (
				F98F1FA81F924FB90001CC12 /* Debug */,
				F98F1FA91F924FB90001CC12 /* Release */,
			);
			defaultConfigurationIsVisible = 0;
			defaultConfigurationName = Release;
		};
		F98F1FAA1F924FB90001CC12 /* Build configuration list for PBXNativeTarget "CooperTests" */ = {
			isa = XCConfigurationList;
			buildConfigurations = (
				F98F1FAB1F924FB90001CC12 /* Debug */,
				F98F1FAC1F924FB90001CC12 /* Release */,
			);
			defaultConfigurationIsVisible = 0;
			defaultConfigurationName = Release;
		};
/* End XCConfigurationList section */
	};
	rootObject = F98F1F821F924FB80001CC12 /* Project object */;
}
